// !$*UTF8*$!
{
	archiveVersion = 1;
	classes = {
	};
	objectVersion = 50;
	objects = {

/* Begin PBXBuildFile section */
		996C717524092A8C0052759B /* AppDelegate.swift in Sources */ = {isa = PBXBuildFile; fileRef = 996C717424092A8C0052759B /* AppDelegate.swift */; };
		996C717724092A8C0052759B /* SceneDelegate.swift in Sources */ = {isa = PBXBuildFile; fileRef = 996C717624092A8C0052759B /* SceneDelegate.swift */; };
		996C717924092A8C0052759B /* ViewController.swift in Sources */ = {isa = PBXBuildFile; fileRef = 996C717824092A8C0052759B /* ViewController.swift */; };
		996C717C24092A8C0052759B /* Main.storyboard in Resources */ = {isa = PBXBuildFile; fileRef = 996C717A24092A8C0052759B /* Main.storyboard */; };
		996C717F24092A8C0052759B /* Manuscript.xcdatamodeld in Sources */ = {isa = PBXBuildFile; fileRef = 996C717D24092A8C0052759B /* Manuscript.xcdatamodeld */; };
		996C718124092A900052759B /* Assets.xcassets in Resources */ = {isa = PBXBuildFile; fileRef = 996C718024092A900052759B /* Assets.xcassets */; };
		996C718424092A900052759B /* LaunchScreen.storyboard in Resources */ = {isa = PBXBuildFile; fileRef = 996C718224092A900052759B /* LaunchScreen.storyboard */; };
/* End PBXBuildFile section */

/* Begin PBXFileReference section */
		996C717124092A8B0052759B /* Manuscript.app */ = {isa = PBXFileReference; explicitFileType = wrapper.application; includeInIndex = 0; path = Manuscript.app; sourceTree = BUILT_PRODUCTS_DIR; };
		996C717424092A8C0052759B /* AppDelegate.swift */ = {isa = PBXFileReference; lastKnownFileType = sourcecode.swift; path = AppDelegate.swift; sourceTree = "<group>"; };
		996C717624092A8C0052759B /* SceneDelegate.swift */ = {isa = PBXFileReference; lastKnownFileType = sourcecode.swift; path = SceneDelegate.swift; sourceTree = "<group>"; };
		996C717824092A8C0052759B /* ViewController.swift */ = {isa = PBXFileReference; lastKnownFileType = sourcecode.swift; path = ViewController.swift; sourceTree = "<group>"; };
		996C717B24092A8C0052759B /* Base */ = {isa = PBXFileReference; lastKnownFileType = file.storyboard; name = Base; path = Base.lproj/Main.storyboard; sourceTree = "<group>"; };
		996C717E24092A8C0052759B /* Manuscript.xcdatamodel */ = {isa = PBXFileReference; lastKnownFileType = wrapper.xcdatamodel; path = Manuscript.xcdatamodel; sourceTree = "<group>"; };
		996C718024092A900052759B /* Assets.xcassets */ = {isa = PBXFileReference; lastKnownFileType = folder.assetcatalog; path = Assets.xcassets; sourceTree = "<group>"; };
		996C718324092A900052759B /* Base */ = {isa = PBXFileReference; lastKnownFileType = file.storyboard; name = Base; path = Base.lproj/LaunchScreen.storyboard; sourceTree = "<group>"; };
		996C718524092A900052759B /* Info.plist */ = {isa = PBXFileReference; lastKnownFileType = text.plist.xml; path = Info.plist; sourceTree = "<group>"; };
/* End PBXFileReference section */

/* Begin PBXFrameworksBuildPhase section */
		996C716E24092A8B0052759B /* Frameworks */ = {
			isa = PBXFrameworksBuildPhase;
			buildActionMask = 2147483647;
			files = (
			);
			runOnlyForDeploymentPostprocessing = 0;
		};
/* End PBXFrameworksBuildPhase section */

/* Begin PBXGroup section */
		996C716824092A8B0052759B = {
			isa = PBXGroup;
			children = (
				996C717324092A8C0052759B /* Manuscript */,
				996C717224092A8B0052759B /* Products */,
			);
			sourceTree = "<group>";
		};
		996C717224092A8B0052759B /* Products */ = {
			isa = PBXGroup;
			children = (
				996C717124092A8B0052759B /* Manuscript.app */,
			);
			name = Products;
			sourceTree = "<group>";
		};
		996C717324092A8C0052759B /* Manuscript */ = {
			isa = PBXGroup;
			children = (
				996C717424092A8C0052759B /* AppDelegate.swift */,
				996C717624092A8C0052759B /* SceneDelegate.swift */,
				996C717824092A8C0052759B /* ViewController.swift */,
				996C717A24092A8C0052759B /* Main.storyboard */,
				996C718024092A900052759B /* Assets.xcassets */,
				996C718224092A900052759B /* LaunchScreen.storyboard */,
				996C718524092A900052759B /* Info.plist */,
				996C717D24092A8C0052759B /* Manuscript.xcdatamodeld */,
			);
			path = Manuscript;
			sourceTree = "<group>";
		};
/* End PBXGroup section */

/* Begin PBXNativeTarget section */
		996C717024092A8B0052759B /* Manuscript */ = {
			isa = PBXNativeTarget;
			buildConfigurationList = 996C718824092A900052759B /* Build configuration list for PBXNativeTarget "Manuscript" */;
			buildPhases = (
				996C716D24092A8B0052759B /* Sources */,
				996C716E24092A8B0052759B /* Frameworks */,
				996C716F24092A8B0052759B /* Resources */,
			);
			buildRules = (
			);
			dependencies = (
			);
			name = Manuscript;
			productName = Manuscript;
			productReference = 996C717124092A8B0052759B /* Manuscript.app */;
			productType = "com.apple.product-type.application";
		};
/* End PBXNativeTarget section */

/* Begin PBXProject section */
		996C716924092A8B0052759B /* Project object */ = {
			isa = PBXProject;
			attributes = {
				LastSwiftUpdateCheck = 1130;
				LastUpgradeCheck = 1130;
				ORGANIZATIONNAME = "Dmitry Smirnykh";
				TargetAttributes = {
					996C717024092A8B0052759B = {
						CreatedOnToolsVersion = 11.3;
					};
				};
			};
			buildConfigurationList = 996C716C24092A8B0052759B /* Build configuration list for PBXProject "Manuscript" */;
			compatibilityVersion = "Xcode 9.3";
			developmentRegion = en;
			hasScannedForEncodings = 0;
			knownRegions = (
				en,
				Base,
			);
			mainGroup = 996C716824092A8B0052759B;
			productRefGroup = 996C717224092A8B0052759B /* Products */;
			projectDirPath = "";
			projectRoot = "";
			targets = (
				996C717024092A8B0052759B /* Manuscript */,
			);
		};
/* End PBXProject section */

/* Begin PBXResourcesBuildPhase section */
		996C716F24092A8B0052759B /* Resources */ = {
			isa = PBXResourcesBuildPhase;
			buildActionMask = 2147483647;
			files = (
				996C718424092A900052759B /* LaunchScreen.storyboard in Resources */,
				996C718124092A900052759B /* Assets.xcassets in Resources */,
				996C717C24092A8C0052759B /* Main.storyboard in Resources */,
			);
			runOnlyForDeploymentPostprocessing = 0;
		};
/* End PBXResourcesBuildPhase section */

/* Begin PBXSourcesBuildPhase section */
		996C716D24092A8B0052759B /* Sources */ = {
			isa = PBXSourcesBuildPhase;
			buildActionMask = 2147483647;
			files = (
				996C717924092A8C0052759B /* ViewController.swift in Sources */,
				996C717F24092A8C0052759B /* Manuscript.xcdatamodeld in Sources */,
				996C717524092A8C0052759B /* AppDelegate.swift in Sources */,
				996C717724092A8C0052759B /* SceneDelegate.swift in Sources */,
			);
			runOnlyForDeploymentPostprocessing = 0;
		};
/* End PBXSourcesBuildPhase section */

/* Begin PBXVariantGroup section */
		996C717A24092A8C0052759B /* Main.storyboard */ = {
			isa = PBXVariantGroup;
			children = (
				996C717B24092A8C0052759B /* Base */,
			);
			name = Main.storyboard;
			sourceTree = "<group>";
		};
		996C718224092A900052759B /* LaunchScreen.storyboard */ = {
			isa = PBXVariantGroup;
			children = (
				996C718324092A900052759B /* Base */,
			);
			name = LaunchScreen.storyboard;
			sourceTree = "<group>";
		};
/* End PBXVariantGroup section */

/* Begin XCBuildConfiguration section */
		996C718624092A900052759B /* Debug */ = {
			isa = XCBuildConfiguration;
			buildSettings = {
				ALWAYS_SEARCH_USER_PATHS = NO;
				CLANG_ANALYZER_NONNULL = YES;
				CLANG_ANALYZER_NUMBER_OBJECT_CONVERSION = YES_AGGRESSIVE;
				CLANG_CXX_LANGUAGE_STANDARD = "gnu++14";
				CLANG_CXX_LIBRARY = "libc++";
				CLANG_ENABLE_MODULES = YES;
				CLANG_ENABLE_OBJC_ARC = YES;
				CLANG_ENABLE_OBJC_WEAK = YES;
				CLANG_WARN_BLOCK_CAPTURE_AUTORELEASING = YES;
				CLANG_WARN_BOOL_CONVERSION = YES;
				CLANG_WARN_COMMA = YES;
				CLANG_WARN_CONSTANT_CONVERSION = YES;
				CLANG_WARN_DEPRECATED_OBJC_IMPLEMENTATIONS = YES;
				CLANG_WARN_DIRECT_OBJC_ISA_USAGE = YES_ERROR;
				CLANG_WARN_DOCUMENTATION_COMMENTS = YES;
				CLANG_WARN_EMPTY_BODY = YES;
				CLANG_WARN_ENUM_CONVERSION = YES;
				CLANG_WARN_INFINITE_RECURSION = YES;
				CLANG_WARN_INT_CONVERSION = YES;
				CLANG_WARN_NON_LITERAL_NULL_CONVERSION = YES;
				CLANG_WARN_OBJC_IMPLICIT_RETAIN_SELF = YES;
				CLANG_WARN_OBJC_LITERAL_CONVERSION = YES;
				CLANG_WARN_OBJC_ROOT_CLASS = YES_ERROR;
				CLANG_WARN_RANGE_LOOP_ANALYSIS = YES;
				CLANG_WARN_STRICT_PROTOTYPES = YES;
				CLANG_WARN_SUSPICIOUS_MOVE = YES;
				CLANG_WARN_UNGUARDED_AVAILABILITY = YES_AGGRESSIVE;
				CLANG_WARN_UNREACHABLE_CODE = YES;
				CLANG_WARN__DUPLICATE_METHOD_MATCH = YES;
				COPY_PHASE_STRIP = NO;
				DEBUG_INFORMATION_FORMAT = dwarf;
				ENABLE_STRICT_OBJC_MSGSEND = YES;
				ENABLE_TESTABILITY = YES;
				GCC_C_LANGUAGE_STANDARD = gnu11;
				GCC_DYNAMIC_NO_PIC = NO;
				GCC_NO_COMMON_BLOCKS = YES;
				GCC_OPTIMIZATION_LEVEL = 0;
				GCC_PREPROCESSOR_DEFINITIONS = (
					"DEBUG=1",
					"$(inherited)",
				);
				GCC_WARN_64_TO_32_BIT_CONVERSION = YES;
				GCC_WARN_ABOUT_RETURN_TYPE = YES_ERROR;
				GCC_WARN_UNDECLARED_SELECTOR = YES;
				GCC_WARN_UNINITIALIZED_AUTOS = YES_AGGRESSIVE;
				GCC_WARN_UNUSED_FUNCTION = YES;
				GCC_WARN_UNUSED_VARIABLE = YES;
				IPHONEOS_DEPLOYMENT_TARGET = 13.2;
				MTL_ENABLE_DEBUG_INFO = INCLUDE_SOURCE;
				MTL_FAST_MATH = YES;
				ONLY_ACTIVE_ARCH = YES;
				SDKROOT = iphoneos;
				SWIFT_ACTIVE_COMPILATION_CONDITIONS = DEBUG;
				SWIFT_OPTIMIZATION_LEVEL = "-Onone";
			};
			name = Debug;
		};
		996C718724092A900052759B /* Release */ = {
			isa = XCBuildConfiguration;
			buildSettings = {
				ALWAYS_SEARCH_USER_PATHS = NO;
				CLANG_ANALYZER_NONNULL = YES;
				CLANG_ANALYZER_NUMBER_OBJECT_CONVERSION = YES_AGGRESSIVE;
				CLANG_CXX_LANGUAGE_STANDARD = "gnu++14";
				CLANG_CXX_LIBRARY = "libc++";
				CLANG_ENABLE_MODULES = YES;
				CLANG_ENABLE_OBJC_ARC = YES;
				CLANG_ENABLE_OBJC_WEAK = YES;
				CLANG_WARN_BLOCK_CAPTURE_AUTORELEASING = YES;
				CLANG_WARN_BOOL_CONVERSION = YES;
				CLANG_WARN_COMMA = YES;
				CLANG_WARN_CONSTANT_CONVERSION = YES;
				CLANG_WARN_DEPRECATED_OBJC_IMPLEMENTATIONS = YES;
				CLANG_WARN_DIRECT_OBJC_ISA_USAGE = YES_ERROR;
				CLANG_WARN_DOCUMENTATION_COMMENTS = YES;
				CLANG_WARN_EMPTY_BODY = YES;
				CLANG_WARN_ENUM_CONVERSION = YES;
				CLANG_WARN_INFINITE_RECURSION = YES;
				CLANG_WARN_INT_CONVERSION = YES;
				CLANG_WARN_NON_LITERAL_NULL_CONVERSION = YES;
				CLANG_WARN_OBJC_IMPLICIT_RETAIN_SELF = YES;
				CLANG_WARN_OBJC_LITERAL_CONVERSION = YES;
				CLANG_WARN_OBJC_ROOT_CLASS = YES_ERROR;
				CLANG_WARN_RANGE_LOOP_ANALYSIS = YES;
				CLANG_WARN_STRICT_PROTOTYPES = YES;
				CLANG_WARN_SUSPICIOUS_MOVE = YES;
				CLANG_WARN_UNGUARDED_AVAILABILITY = YES_AGGRESSIVE;
				CLANG_WARN_UNREACHABLE_CODE = YES;
				CLANG_WARN__DUPLICATE_METHOD_MATCH = YES;
				COPY_PHASE_STRIP = NO;
				DEBUG_INFORMATION_FORMAT = "dwarf-with-dsym";
				ENABLE_NS_ASSERTIONS = NO;
				ENABLE_STRICT_OBJC_MSGSEND = YES;
				GCC_C_LANGUAGE_STANDARD = gnu11;
				GCC_NO_COMMON_BLOCKS = YES;
				GCC_WARN_64_TO_32_BIT_CONVERSION = YES;
				GCC_WARN_ABOUT_RETURN_TYPE = YES_ERROR;
				GCC_WARN_UNDECLARED_SELECTOR = YES;
				GCC_WARN_UNINITIALIZED_AUTOS = YES_AGGRESSIVE;
				GCC_WARN_UNUSED_FUNCTION = YES;
				GCC_WARN_UNUSED_VARIABLE = YES;
				IPHONEOS_DEPLOYMENT_TARGET = 13.2;
				MTL_ENABLE_DEBUG_INFO = NO;
				MTL_FAST_MATH = YES;
				SDKROOT = iphoneos;
				SWIFT_COMPILATION_MODE = wholemodule;
				SWIFT_OPTIMIZATION_LEVEL = "-O";
				VALIDATE_PRODUCT = YES;
			};
			name = Release;
		};
		996C718924092A900052759B /* Debug */ = {
			isa = XCBuildConfiguration;
			buildSettings = {
				ASSETCATALOG_COMPILER_APPICON_NAME = AppIcon;
				CODE_SIGN_STYLE = Automatic;
				DEVELOPMENT_TEAM = 6AB7TG5AU6;
				INFOPLIST_FILE = Manuscript/Info.plist;
				LD_RUNPATH_SEARCH_PATHS = (
					"$(inherited)",
					"@executable_path/Frameworks",
				);
				PRODUCT_BUNDLE_IDENTIFIER = smirnykh.dmitry.Manuscript;
				PRODUCT_NAME = "$(TARGET_NAME)";
				SWIFT_VERSION = 5.0;
				TARGETED_DEVICE_FAMILY = "1,2";
			};
			name = Debug;
		};
		996C718A24092A900052759B /* Release */ = {
			isa = XCBuildConfiguration;
			buildSettings = {
				ASSETCATALOG_COMPILER_APPICON_NAME = AppIcon;
				CODE_SIGN_STYLE = Automatic;
				DEVELOPMENT_TEAM = 6AB7TG5AU6;
				INFOPLIST_FILE = Manuscript/Info.plist;
				LD_RUNPATH_SEARCH_PATHS = (
					"$(inherited)",
					"@executable_path/Frameworks",
				);
				PRODUCT_BUNDLE_IDENTIFIER = smirnykh.dmitry.Manuscript;
				PRODUCT_NAME = "$(TARGET_NAME)";
				SWIFT_VERSION = 5.0;
				TARGETED_DEVICE_FAMILY = "1,2";
			};
			name = Release;
		};
/* End XCBuildConfiguration section */

/* Begin XCConfigurationList section */
		996C716C24092A8B0052759B /* Build configuration list for PBXProject "Manuscript" */ = {
			isa = XCConfigurationList;
			buildConfigurations = (
				996C718624092A900052759B /* Debug */,
				996C718724092A900052759B /* Release */,
			);
			defaultConfigurationIsVisible = 0;
			defaultConfigurationName = Release;
		};
		996C718824092A900052759B /* Build configuration list for PBXNativeTarget "Manuscript" */ = {
			isa = XCConfigurationList;
			buildConfigurations = (
				996C718924092A900052759B /* Debug */,
				996C718A24092A900052759B /* Release */,
			);
			defaultConfigurationIsVisible = 0;
			defaultConfigurationName = Release;
		};
/* End XCConfigurationList section */

/* Begin XCVersionGroup section */
		996C717D24092A8C0052759B /* Manuscript.xcdatamodeld */ = {
			isa = XCVersionGroup;
			children = (
				996C717E24092A8C0052759B /* Manuscript.xcdatamodel */,
			);
			currentVersion = 996C717E24092A8C0052759B /* Manuscript.xcdatamodel */;
			path = Manuscript.xcdatamodeld;
			sourceTree = "<group>";
			versionGroupType = wrapper.xcdatamodel;
		};
/* End XCVersionGroup section */
	};
	rootObject = 996C716924092A8B0052759B /* Project object */;
}
